// !$*UTF8*$!
{
	archiveVersion = 1;
	classes = {
	};
	objectVersion = 50;
	objects = {

/* Begin PBXBuildFile section */
		CD651D722465A50300D61D65 /* AppDelegate.swift in Sources */ = {isa = PBXBuildFile; fileRef = CD651D712465A50300D61D65 /* AppDelegate.swift */; };
		CD651D742465A50300D61D65 /* SceneDelegate.swift in Sources */ = {isa = PBXBuildFile; fileRef = CD651D732465A50300D61D65 /* SceneDelegate.swift */; };
		CD651D762465A50300D61D65 /* ViewController.swift in Sources */ = {isa = PBXBuildFile; fileRef = CD651D752465A50300D61D65 /* ViewController.swift */; };
		CD651D792465A50300D61D65 /* Main.storyboard in Resources */ = {isa = PBXBuildFile; fileRef = CD651D772465A50300D61D65 /* Main.storyboard */; };
		CD651D7B2465A50500D61D65 /* Assets.xcassets in Resources */ = {isa = PBXBuildFile; fileRef = CD651D7A2465A50500D61D65 /* Assets.xcassets */; };
		CD651D7E2465A50500D61D65 /* LaunchScreen.storyboard in Resources */ = {isa = PBXBuildFile; fileRef = CD651D7C2465A50500D61D65 /* LaunchScreen.storyboard */; };
		CD651D862465A56700D61D65 /* Protocol.swift in Sources */ = {isa = PBXBuildFile; fileRef = CD651D852465A56700D61D65 /* Protocol.swift */; };
		CD651D882465AC8600D61D65 /* Sequence.swift in Sources */ = {isa = PBXBuildFile; fileRef = CD651D872465AC8600D61D65 /* Sequence.swift */; };
		CD91E27324E3DC7E005B1A48 /* File.s in Sources */ = {isa = PBXBuildFile; fileRef = CD91E27224E3DC7E005B1A48 /* File.s */; };
/* End PBXBuildFile section */

/* Begin PBXFileReference section */
		CD651D6E2465A50300D61D65 /* Swifter-Tips.app */ = {isa = PBXFileReference; explicitFileType = wrapper.application; includeInIndex = 0; path = "Swifter-Tips.app"; sourceTree = BUILT_PRODUCTS_DIR; };
		CD651D712465A50300D61D65 /* AppDelegate.swift */ = {isa = PBXFileReference; lastKnownFileType = sourcecode.swift; path = AppDelegate.swift; sourceTree = "<group>"; };
		CD651D732465A50300D61D65 /* SceneDelegate.swift */ = {isa = PBXFileReference; lastKnownFileType = sourcecode.swift; path = SceneDelegate.swift; sourceTree = "<group>"; };
		CD651D752465A50300D61D65 /* ViewController.swift */ = {isa = PBXFileReference; lastKnownFileType = sourcecode.swift; path = ViewController.swift; sourceTree = "<group>"; };
		CD651D782465A50300D61D65 /* Base */ = {isa = PBXFileReference; lastKnownFileType = file.storyboard; name = Base; path = Base.lproj/Main.storyboard; sourceTree = "<group>"; };
		CD651D7A2465A50500D61D65 /* Assets.xcassets */ = {isa = PBXFileReference; lastKnownFileType = folder.assetcatalog; path = Assets.xcassets; sourceTree = "<group>"; };
		CD651D7D2465A50500D61D65 /* Base */ = {isa = PBXFileReference; lastKnownFileType = file.storyboard; name = Base; path = Base.lproj/LaunchScreen.storyboard; sourceTree = "<group>"; };
		CD651D7F2465A50500D61D65 /* Info.plist */ = {isa = PBXFileReference; lastKnownFileType = text.plist.xml; path = Info.plist; sourceTree = "<group>"; };
		CD651D852465A56700D61D65 /* Protocol.swift */ = {isa = PBXFileReference; lastKnownFileType = sourcecode.swift; path = Protocol.swift; sourceTree = "<group>"; };
		CD651D872465AC8600D61D65 /* Sequence.swift */ = {isa = PBXFileReference; lastKnownFileType = sourcecode.swift; path = Sequence.swift; sourceTree = "<group>"; };
		CD91E27224E3DC7E005B1A48 /* File.s */ = {isa = PBXFileReference; lastKnownFileType = sourcecode.asm; path = File.s; sourceTree = "<group>"; };
/* End PBXFileReference section */

/* Begin PBXFrameworksBuildPhase section */
		CD651D6B2465A50300D61D65 /* Frameworks */ = {
			isa = PBXFrameworksBuildPhase;
			buildActionMask = 2147483647;
			files = (
			);
			runOnlyForDeploymentPostprocessing = 0;
		};
/* End PBXFrameworksBuildPhase section */

/* Begin PBXGroup section */
		CD651D652465A50300D61D65 = {
			isa = PBXGroup;
			children = (
				CD651D702465A50300D61D65 /* Swifter-Tips */,
				CD651D6F2465A50300D61D65 /* Products */,
			);
			sourceTree = "<group>";
		};
		CD651D6F2465A50300D61D65 /* Products */ = {
			isa = PBXGroup;
			children = (
				CD651D6E2465A50300D61D65 /* Swifter-Tips.app */,
			);
			name = Products;
			sourceTree = "<group>";
		};
		CD651D702465A50300D61D65 /* Swifter-Tips */ = {
			isa = PBXGroup;
			children = (
				CD651D712465A50300D61D65 /* AppDelegate.swift */,
				CD651D732465A50300D61D65 /* SceneDelegate.swift */,
				CD651D752465A50300D61D65 /* ViewController.swift */,
				CD91E27224E3DC7E005B1A48 /* File.s */,
				CD651D852465A56700D61D65 /* Protocol.swift */,
				CD651D872465AC8600D61D65 /* Sequence.swift */,
				CD651D772465A50300D61D65 /* Main.storyboard */,
				CD651D7A2465A50500D61D65 /* Assets.xcassets */,
				CD651D7C2465A50500D61D65 /* LaunchScreen.storyboard */,
				CD651D7F2465A50500D61D65 /* Info.plist */,
			);
			path = "Swifter-Tips";
			sourceTree = "<group>";
		};
/* End PBXGroup section */

/* Begin PBXNativeTarget section */
		CD651D6D2465A50300D61D65 /* Swifter-Tips */ = {
			isa = PBXNativeTarget;
			buildConfigurationList = CD651D822465A50500D61D65 /* Build configuration list for PBXNativeTarget "Swifter-Tips" */;
			buildPhases = (
				CD651D6A2465A50300D61D65 /* Sources */,
				CD651D6B2465A50300D61D65 /* Frameworks */,
				CD651D6C2465A50300D61D65 /* Resources */,
			);
			buildRules = (
			);
			dependencies = (
			);
			name = "Swifter-Tips";
			productName = "Swifter-Tips";
			productReference = CD651D6E2465A50300D61D65 /* Swifter-Tips.app */;
			productType = "com.apple.product-type.application";
		};
/* End PBXNativeTarget section */

/* Begin PBXProject section */
		CD651D662465A50300D61D65 /* Project object */ = {
			isa = PBXProject;
			attributes = {
				LastSwiftUpdateCheck = 1140;
				LastUpgradeCheck = 1140;
				ORGANIZATIONNAME = "dx l";
				TargetAttributes = {
					CD651D6D2465A50300D61D65 = {
						CreatedOnToolsVersion = 11.4.1;
					};
				};
			};
			buildConfigurationList = CD651D692465A50300D61D65 /* Build configuration list for PBXProject "Swifter-Tips" */;
			compatibilityVersion = "Xcode 9.3";
			developmentRegion = en;
			hasScannedForEncodings = 0;
			knownRegions = (
				en,
				Base,
			);
			mainGroup = CD651D652465A50300D61D65;
			productRefGroup = CD651D6F2465A50300D61D65 /* Products */;
			projectDirPath = "";
			projectRoot = "";
			targets = (
				CD651D6D2465A50300D61D65 /* Swifter-Tips */,
			);
		};
/* End PBXProject section */

/* Begin PBXResourcesBuildPhase section */
		CD651D6C2465A50300D61D65 /* Resources */ = {
			isa = PBXResourcesBuildPhase;
			buildActionMask = 2147483647;
			files = (
				CD651D7E2465A50500D61D65 /* LaunchScreen.storyboard in Resources */,
				CD651D7B2465A50500D61D65 /* Assets.xcassets in Resources */,
				CD651D792465A50300D61D65 /* Main.storyboard in Resources */,
			);
			runOnlyForDeploymentPostprocessing = 0;
		};
/* End PBXResourcesBuildPhase section */

/* Begin PBXSourcesBuildPhase section */
		CD651D6A2465A50300D61D65 /* Sources */ = {
			isa = PBXSourcesBuildPhase;
			buildActionMask = 2147483647;
			files = (
				CD651D762465A50300D61D65 /* ViewController.swift in Sources */,
				CD651D722465A50300D61D65 /* AppDelegate.swift in Sources */,
				CD651D742465A50300D61D65 /* SceneDelegate.swift in Sources */,
				CD651D882465AC8600D61D65 /* Sequence.swift in Sources */,
				CD651D862465A56700D61D65 /* Protocol.swift in Sources */,
				CD91E27324E3DC7E005B1A48 /* File.s in Sources */,
			);
			runOnlyForDeploymentPostprocessing = 0;
		};
/* End PBXSourcesBuildPhase section */

/* Begin PBXVariantGroup section */
		CD651D772465A50300D61D65 /* Main.storyboard */ = {
			isa = PBXVariantGroup;
			children = (
				CD651D782465A50300D61D65 /* Base */,
			);
			name = Main.storyboard;
			sourceTree = "<group>";
		};
		CD651D7C2465A50500D61D65 /* LaunchScreen.storyboard */ = {
			isa = PBXVariantGroup;
			children = (
				CD651D7D2465A50500D61D65 /* Base */,
			);
			name = LaunchScreen.storyboard;
			sourceTree = "<group>";
		};
/* End PBXVariantGroup section */

/* Begin XCBuildConfiguration section */
		CD651D802465A50500D61D65 /* Debug */ = {
			isa = XCBuildConfiguration;
			buildSettings = {
				ALWAYS_SEARCH_USER_PATHS = NO;
				CLANG_ANALYZER_NONNULL = YES;
				CLANG_ANALYZER_NUMBER_OBJECT_CONVERSION = YES_AGGRESSIVE;
				CLANG_CXX_LANGUAGE_STANDARD = "gnu++14";
				CLANG_CXX_LIBRARY = "libc++";
				CLANG_ENABLE_MODULES = YES;
				CLANG_ENABLE_OBJC_ARC = YES;
				CLANG_ENABLE_OBJC_WEAK = YES;
				CLANG_WARN_BLOCK_CAPTURE_AUTORELEASING = YES;
				CLANG_WARN_BOOL_CONVERSION = YES;
				CLANG_WARN_COMMA = YES;
				CLANG_WARN_CONSTANT_CONVERSION = YES;
				CLANG_WARN_DEPRECATED_OBJC_IMPLEMENTATIONS = YES;
				CLANG_WARN_DIRECT_OBJC_ISA_USAGE = YES_ERROR;
				CLANG_WARN_DOCUMENTATION_COMMENTS = YES;
				CLANG_WARN_EMPTY_BODY = YES;
				CLANG_WARN_ENUM_CONVERSION = YES;
				CLANG_WARN_INFINITE_RECURSION = YES;
				CLANG_WARN_INT_CONVERSION = YES;
				CLANG_WARN_NON_LITERAL_NULL_CONVERSION = YES;
				CLANG_WARN_OBJC_IMPLICIT_RETAIN_SELF = YES;
				CLANG_WARN_OBJC_LITERAL_CONVERSION = YES;
				CLANG_WARN_OBJC_ROOT_CLASS = YES_ERROR;
				CLANG_WARN_RANGE_LOOP_ANALYSIS = YES;
				CLANG_WARN_STRICT_PROTOTYPES = YES;
				CLANG_WARN_SUSPICIOUS_MOVE = YES;
				CLANG_WARN_UNGUARDED_AVAILABILITY = YES_AGGRESSIVE;
				CLANG_WARN_UNREACHABLE_CODE = YES;
				CLANG_WARN__DUPLICATE_METHOD_MATCH = YES;
				COPY_PHASE_STRIP = NO;
				DEBUG_INFORMATION_FORMAT = dwarf;
				ENABLE_STRICT_OBJC_MSGSEND = YES;
				ENABLE_TESTABILITY = YES;
				GCC_C_LANGUAGE_STANDARD = gnu11;
				GCC_DYNAMIC_NO_PIC = NO;
				GCC_NO_COMMON_BLOCKS = YES;
				GCC_OPTIMIZATION_LEVEL = 0;
				GCC_PREPROCESSOR_DEFINITIONS = (
					"DEBUG=1",
					"$(inherited)",
				);
				GCC_WARN_64_TO_32_BIT_CONVERSION = YES;
				GCC_WARN_ABOUT_RETURN_TYPE = YES_ERROR;
				GCC_WARN_UNDECLARED_SELECTOR = YES;
				GCC_WARN_UNINITIALIZED_AUTOS = YES_AGGRESSIVE;
				GCC_WARN_UNUSED_FUNCTION = YES;
				GCC_WARN_UNUSED_VARIABLE = YES;
				IPHONEOS_DEPLOYMENT_TARGET = 13.4;
				MTL_ENABLE_DEBUG_INFO = INCLUDE_SOURCE;
				MTL_FAST_MATH = YES;
				ONLY_ACTIVE_ARCH = YES;
				SDKROOT = iphoneos;
				SWIFT_ACTIVE_COMPILATION_CONDITIONS = DEBUG;
				SWIFT_OPTIMIZATION_LEVEL = "-Onone";
			};
			name = Debug;
		};
		CD651D812465A50500D61D65 /* Release */ = {
			isa = XCBuildConfiguration;
			buildSettings = {
				ALWAYS_SEARCH_USER_PATHS = NO;
				CLANG_ANALYZER_NONNULL = YES;
				CLANG_ANALYZER_NUMBER_OBJECT_CONVERSION = YES_AGGRESSIVE;
				CLANG_CXX_LANGUAGE_STANDARD = "gnu++14";
				CLANG_CXX_LIBRARY = "libc++";
				CLANG_ENABLE_MODULES = YES;
				CLANG_ENABLE_OBJC_ARC = YES;
				CLANG_ENABLE_OBJC_WEAK = YES;
				CLANG_WARN_BLOCK_CAPTURE_AUTORELEASING = YES;
				CLANG_WARN_BOOL_CONVERSION = YES;
				CLANG_WARN_COMMA = YES;
				CLANG_WARN_CONSTANT_CONVERSION = YES;
				CLANG_WARN_DEPRECATED_OBJC_IMPLEMENTATIONS = YES;
				CLANG_WARN_DIRECT_OBJC_ISA_USAGE = YES_ERROR;
				CLANG_WARN_DOCUMENTATION_COMMENTS = YES;
				CLANG_WARN_EMPTY_BODY = YES;
				CLANG_WARN_ENUM_CONVERSION = YES;
				CLANG_WARN_INFINITE_RECURSION = YES;
				CLANG_WARN_INT_CONVERSION = YES;
				CLANG_WARN_NON_LITERAL_NULL_CONVERSION = YES;
				CLANG_WARN_OBJC_IMPLICIT_RETAIN_SELF = YES;
				CLANG_WARN_OBJC_LITERAL_CONVERSION = YES;
				CLANG_WARN_OBJC_ROOT_CLASS = YES_ERROR;
				CLANG_WARN_RANGE_LOOP_ANALYSIS = YES;
				CLANG_WARN_STRICT_PROTOTYPES = YES;
				CLANG_WARN_SUSPICIOUS_MOVE = YES;
				CLANG_WARN_UNGUARDED_AVAILABILITY = YES_AGGRESSIVE;
				CLANG_WARN_UNREACHABLE_CODE = YES;
				CLANG_WARN__DUPLICATE_METHOD_MATCH = YES;
				COPY_PHASE_STRIP = NO;
				DEBUG_INFORMATION_FORMAT = "dwarf-with-dsym";
				ENABLE_NS_ASSERTIONS = NO;
				ENABLE_STRICT_OBJC_MSGSEND = YES;
				GCC_C_LANGUAGE_STANDARD = gnu11;
				GCC_NO_COMMON_BLOCKS = YES;
				GCC_WARN_64_TO_32_BIT_CONVERSION = YES;
				GCC_WARN_ABOUT_RETURN_TYPE = YES_ERROR;
				GCC_WARN_UNDECLARED_SELECTOR = YES;
				GCC_WARN_UNINITIALIZED_AUTOS = YES_AGGRESSIVE;
				GCC_WARN_UNUSED_FUNCTION = YES;
				GCC_WARN_UNUSED_VARIABLE = YES;
				IPHONEOS_DEPLOYMENT_TARGET = 13.4;
				MTL_ENABLE_DEBUG_INFO = NO;
				MTL_FAST_MATH = YES;
				SDKROOT = iphoneos;
				SWIFT_COMPILATION_MODE = wholemodule;
				SWIFT_OPTIMIZATION_LEVEL = "-O";
				VALIDATE_PRODUCT = YES;
			};
			name = Release;
		};
		CD651D832465A50500D61D65 /* Debug */ = {
			isa = XCBuildConfiguration;
			buildSettings = {
				ASSETCATALOG_COMPILER_APPICON_NAME = AppIcon;
				CODE_SIGN_STYLE = Automatic;
				DEVELOPMENT_TEAM = 4M3E736K84;
				INFOPLIST_FILE = "Swifter-Tips/Info.plist";
				IPHONEOS_DEPLOYMENT_TARGET = 13.5;
				LD_RUNPATH_SEARCH_PATHS = (
					"$(inherited)",
					"@executable_path/Frameworks",
				);
				PRODUCT_BUNDLE_IDENTIFIER = "ldx.Swifter-Tips";
				PRODUCT_NAME = "$(TARGET_NAME)";
				SWIFT_VERSION = 5.0;
				TARGETED_DEVICE_FAMILY = "1,2";
			};
			name = Debug;
		};
		CD651D842465A50500D61D65 /* Release */ = {
			isa = XCBuildConfiguration;
			buildSettings = {
				ASSETCATALOG_COMPILER_APPICON_NAME = AppIcon;
				CODE_SIGN_STYLE = Automatic;
				DEVELOPMENT_TEAM = 4M3E736K84;
				INFOPLIST_FILE = "Swifter-Tips/Info.plist";
				IPHONEOS_DEPLOYMENT_TARGET = 13.5;
				LD_RUNPATH_SEARCH_PATHS = (
					"$(inherited)",
					"@executable_path/Frameworks",
				);
				PRODUCT_BUNDLE_IDENTIFIER = "ldx.Swifter-Tips";
				PRODUCT_NAME = "$(TARGET_NAME)";
				SWIFT_VERSION = 5.0;
				TARGETED_DEVICE_FAMILY = "1,2";
			};
			name = Release;
		};
/* End XCBuildConfiguration section */

/* Begin XCConfigurationList section */
		CD651D692465A50300D61D65 /* Build configuration list for PBXProject "Swifter-Tips" */ = {
			isa = XCConfigurationList;
			buildConfigurations = (
				CD651D802465A50500D61D65 /* Debug */,
				CD651D812465A50500D61D65 /* Release */,
			);
			defaultConfigurationIsVisible = 0;
			defaultConfigurationName = Release;
		};
		CD651D822465A50500D61D65 /* Build configuration list for PBXNativeTarget "Swifter-Tips" */ = {
			isa = XCConfigurationList;
			buildConfigurations = (
				CD651D832465A50500D61D65 /* Debug */,
				CD651D842465A50500D61D65 /* Release */,
			);
			defaultConfigurationIsVisible = 0;
			defaultConfigurationName = Release;
		};
/* End XCConfigurationList section */
	};
	rootObject = CD651D662465A50300D61D65 /* Project object */;
}
